
Microsoft Visual Studio Solution File, Format Version 12.00
# Visual Studio 15
VisualStudioVersion = 15.0.28307.421
MinimumVisualStudioVersion = 10.0.40219.1
Project("{FAE04EC0-301F-11D3-BF4B-00C04F79EFBC}") = "Exercise01", "Exercise01\Exercise01.csproj", "{87D8CDC1-EBA1-4C70-80C7-0CCD5AE080ED}"
EndProject
Global
	GlobalSection(SolutionConfigurationPlatforms) = preSolution
		Debug|Any CPU = Debug|Any CPU
		Release|Any CPU = Release|Any CPU
	EndGlobalSection
	GlobalSection(ProjectConfigurationPlatforms) = postSolution
		{87D8CDC1-EBA1-4C70-80C7-0CCD5AE080ED}.Debug|Any CPU.ActiveCfg = Debug|Any CPU
		{87D8CDC1-EBA1-4C70-80C7-0CCD5AE080ED}.Debug|Any CPU.Build.0 = Debug|Any CPU
		{87D8CDC1-EBA1-4C70-80C7-0CCD5AE080ED}.Release|Any CPU.ActiveCfg = Release|Any CPU
		{87D8CDC1-EBA1-4C70-80C7-0CCD5AE080ED}.Release|Any CPU.Build.0 = Release|Any CPU
	EndGlobalSection
	GlobalSection(SolutionProperties) = preSolution
		HideSolutionNode = FALSE
	EndGlobalSection
	GlobalSection(ExtensibilityGlobals) = postSolution
		SolutionGuid = {96D44425-3928-4749-93AD-D355456D7987}
	EndGlobalSection
EndGlobal
