
Microsoft Visual Studio Solution File, Format Version 12.00
# Visual Studio 15
VisualStudioVersion = 15.0.28307.421
MinimumVisualStudioVersion = 10.0.40219.1
Project("{FAE04EC0-301F-11D3-BF4B-00C04F79EFBC}") = "Exercise02", "Exercise02\Exercise02.csproj", "{49D85622-5EBC-4050-BDFB-9BC1167E3FAC}"
EndProject
Global
	GlobalSection(SolutionConfigurationPlatforms) = preSolution
		Debug|Any CPU = Debug|Any CPU
		Release|Any CPU = Release|Any CPU
	EndGlobalSection
	GlobalSection(ProjectConfigurationPlatforms) = postSolution
		{49D85622-5EBC-4050-BDFB-9BC1167E3FAC}.Debug|Any CPU.ActiveCfg = Debug|Any CPU
		{49D85622-5EBC-4050-BDFB-9BC1167E3FAC}.Debug|Any CPU.Build.0 = Debug|Any CPU
		{49D85622-5EBC-4050-BDFB-9BC1167E3FAC}.Release|Any CPU.ActiveCfg = Release|Any CPU
		{49D85622-5EBC-4050-BDFB-9BC1167E3FAC}.Release|Any CPU.Build.0 = Release|Any CPU
	EndGlobalSection
	GlobalSection(SolutionProperties) = preSolution
		HideSolutionNode = FALSE
	EndGlobalSection
	GlobalSection(ExtensibilityGlobals) = postSolution
		SolutionGuid = {6AFC032A-0BC6-4F71-A73D-C5591F85A1AB}
	EndGlobalSection
EndGlobal
