
Microsoft Visual Studio Solution File, Format Version 12.00
# Visual Studio 15
VisualStudioVersion = 15.0.28307.489
MinimumVisualStudioVersion = 10.0.40219.1
Project("{FAE04EC0-301F-11D3-BF4B-00C04F79EFBC}") = "Movie app", "Movie app\Movie app.csproj", "{AC1E83E1-EB17-4EA4-AF6F-D7C8068B457C}"
EndProject
Project("{FAE04EC0-301F-11D3-BF4B-00C04F79EFBC}") = "My Library", "My Library\My Library.csproj", "{C9F6906B-127D-4044-A47E-CA5125E06712}"
EndProject
Global
	GlobalSection(SolutionConfigurationPlatforms) = preSolution
		Debug|Any CPU = Debug|Any CPU
		Release|Any CPU = Release|Any CPU
	EndGlobalSection
	GlobalSection(ProjectConfigurationPlatforms) = postSolution
		{AC1E83E1-EB17-4EA4-AF6F-D7C8068B457C}.Debug|Any CPU.ActiveCfg = Debug|Any CPU
		{AC1E83E1-EB17-4EA4-AF6F-D7C8068B457C}.Debug|Any CPU.Build.0 = Debug|Any CPU
		{AC1E83E1-EB17-4EA4-AF6F-D7C8068B457C}.Release|Any CPU.ActiveCfg = Release|Any CPU
		{AC1E83E1-EB17-4EA4-AF6F-D7C8068B457C}.Release|Any CPU.Build.0 = Release|Any CPU
		{C9F6906B-127D-4044-A47E-CA5125E06712}.Debug|Any CPU.ActiveCfg = Debug|Any CPU
		{C9F6906B-127D-4044-A47E-CA5125E06712}.Debug|Any CPU.Build.0 = Debug|Any CPU
		{C9F6906B-127D-4044-A47E-CA5125E06712}.Release|Any CPU.ActiveCfg = Release|Any CPU
		{C9F6906B-127D-4044-A47E-CA5125E06712}.Release|Any CPU.Build.0 = Release|Any CPU
	EndGlobalSection
	GlobalSection(SolutionProperties) = preSolution
		HideSolutionNode = FALSE
	EndGlobalSection
	GlobalSection(ExtensibilityGlobals) = postSolution
		SolutionGuid = {D26721BB-6626-460F-BC58-5983EFC7AEDA}
	EndGlobalSection
EndGlobal
