
Microsoft Visual Studio Solution File, Format Version 12.00
# Visual Studio 15
VisualStudioVersion = 15.0.28307.421
MinimumVisualStudioVersion = 10.0.40219.1
Project("{FAE04EC0-301F-11D3-BF4B-00C04F79EFBC}") = "Exercise01", "Exercise01\Exercise01.csproj", "{A969DF90-6411-4490-A1E2-C8E80EE62C96}"
EndProject
Global
	GlobalSection(SolutionConfigurationPlatforms) = preSolution
		Debug|Any CPU = Debug|Any CPU
		Release|Any CPU = Release|Any CPU
	EndGlobalSection
	GlobalSection(ProjectConfigurationPlatforms) = postSolution
		{A969DF90-6411-4490-A1E2-C8E80EE62C96}.Debug|Any CPU.ActiveCfg = Debug|Any CPU
		{A969DF90-6411-4490-A1E2-C8E80EE62C96}.Debug|Any CPU.Build.0 = Debug|Any CPU
		{A969DF90-6411-4490-A1E2-C8E80EE62C96}.Release|Any CPU.ActiveCfg = Release|Any CPU
		{A969DF90-6411-4490-A1E2-C8E80EE62C96}.Release|Any CPU.Build.0 = Release|Any CPU
	EndGlobalSection
	GlobalSection(SolutionProperties) = preSolution
		HideSolutionNode = FALSE
	EndGlobalSection
	GlobalSection(ExtensibilityGlobals) = postSolution
		SolutionGuid = {DFADF5E5-3669-459D-B21C-8D90F0E3EEEA}
	EndGlobalSection
EndGlobal
